// !$*UTF8*$!
{
	archiveVersion = 1;
	classes = {
	};
	objectVersion = 48;
	objects = {

/* Begin PBXBuildFile section */
		2BE664941FD5579500F18183 /* AppDelegate.swift in Sources */ = {isa = PBXBuildFile; fileRef = 2BE664931FD5579500F18183 /* AppDelegate.swift */; };
		2BE664961FD5579500F18183 /* ScoreViewController.swift in Sources */ = {isa = PBXBuildFile; fileRef = 2BE664951FD5579500F18183 /* ScoreViewController.swift */; };
		2BE6649B1FD5579500F18183 /* Assets.xcassets in Resources */ = {isa = PBXBuildFile; fileRef = 2BE6649A1FD5579500F18183 /* Assets.xcassets */; };
		2BE6649E1FD5579500F18183 /* LaunchScreen.storyboard in Resources */ = {isa = PBXBuildFile; fileRef = 2BE6649C1FD5579500F18183 /* LaunchScreen.storyboard */; };
		2BE664A91FD5579500F18183 /* testTests.swift in Sources */ = {isa = PBXBuildFile; fileRef = 2BE664A81FD5579500F18183 /* testTests.swift */; };
		2BE664B41FD5579500F18183 /* testUITests.swift in Sources */ = {isa = PBXBuildFile; fileRef = 2BE664B31FD5579500F18183 /* testUITests.swift */; };
		2BE664C71FD563EA00F18183 /* ScoreViewModel.swift in Sources */ = {isa = PBXBuildFile; fileRef = 2BE664C61FD563EA00F18183 /* ScoreViewModel.swift */; };
		2BE664CA1FD5641800F18183 /* Score.swift in Sources */ = {isa = PBXBuildFile; fileRef = 2BE664C91FD5641800F18183 /* Score.swift */; };
		2BE664CC1FD5643900F18183 /* ScoreViewModelType.swift in Sources */ = {isa = PBXBuildFile; fileRef = 2BE664CB1FD5643900F18183 /* ScoreViewModelType.swift */; };
		2BE664CF1FD5688400F18183 /* CreditReportInfo.swift in Sources */ = {isa = PBXBuildFile; fileRef = 2BE664CE1FD5688400F18183 /* CreditReportInfo.swift */; };
		2BE664D11FD56BA000F18183 /* CoachingSummary.swift in Sources */ = {isa = PBXBuildFile; fileRef = 2BE664D01FD56BA000F18183 /* CoachingSummary.swift */; };
		2BE664D81FD5739100F18183 /* DataManager.swift in Sources */ = {isa = PBXBuildFile; fileRef = 2BE664D71FD5739100F18183 /* DataManager.swift */; };
		2BE664DA1FD573BA00F18183 /* BundleReader.swift in Sources */ = {isa = PBXBuildFile; fileRef = 2BE664D91FD573BA00F18183 /* BundleReader.swift */; };
		2BE664DC1FD57D6F00F18183 /* ScoreViewController.xib in Resources */ = {isa = PBXBuildFile; fileRef = 2BE664DB1FD57D6F00F18183 /* ScoreViewController.xib */; };
		2BE664DE1FD57DF500F18183 /* ScoreView.xib in Resources */ = {isa = PBXBuildFile; fileRef = 2BE664DD1FD57DF500F18183 /* ScoreView.xib */; };
		2BE664E01FD57E1F00F18183 /* ScoreView.swift in Sources */ = {isa = PBXBuildFile; fileRef = 2BE664DF1FD57E1F00F18183 /* ScoreView.swift */; };
/* End PBXBuildFile section */

/* Begin PBXContainerItemProxy section */
		2BE664A51FD5579500F18183 /* PBXContainerItemProxy */ = {
			isa = PBXContainerItemProxy;
			containerPortal = 2BE664881FD5579400F18183 /* Project object */;
			proxyType = 1;
			remoteGlobalIDString = 2BE6648F1FD5579500F18183;
			remoteInfo = test;
		};
		2BE664B01FD5579500F18183 /* PBXContainerItemProxy */ = {
			isa = PBXContainerItemProxy;
			containerPortal = 2BE664881FD5579400F18183 /* Project object */;
			proxyType = 1;
			remoteGlobalIDString = 2BE6648F1FD5579500F18183;
			remoteInfo = test;
		};
/* End PBXContainerItemProxy section */

/* Begin PBXFileReference section */
		2BE664901FD5579500F18183 /* test.app */ = {isa = PBXFileReference; explicitFileType = wrapper.application; includeInIndex = 0; path = test.app; sourceTree = BUILT_PRODUCTS_DIR; };
		2BE664931FD5579500F18183 /* AppDelegate.swift */ = {isa = PBXFileReference; lastKnownFileType = sourcecode.swift; path = AppDelegate.swift; sourceTree = "<group>"; };
		2BE664951FD5579500F18183 /* ScoreViewController.swift */ = {isa = PBXFileReference; lastKnownFileType = sourcecode.swift; path = ScoreViewController.swift; sourceTree = "<group>"; };
		2BE6649A1FD5579500F18183 /* Assets.xcassets */ = {isa = PBXFileReference; lastKnownFileType = folder.assetcatalog; path = Assets.xcassets; sourceTree = "<group>"; };
		2BE6649D1FD5579500F18183 /* Base */ = {isa = PBXFileReference; lastKnownFileType = file.storyboard; name = Base; path = Base.lproj/LaunchScreen.storyboard; sourceTree = "<group>"; };
		2BE6649F1FD5579500F18183 /* Info.plist */ = {isa = PBXFileReference; lastKnownFileType = text.plist.xml; path = Info.plist; sourceTree = "<group>"; };
		2BE664A41FD5579500F18183 /* testTests.xctest */ = {isa = PBXFileReference; explicitFileType = wrapper.cfbundle; includeInIndex = 0; path = testTests.xctest; sourceTree = BUILT_PRODUCTS_DIR; };
		2BE664A81FD5579500F18183 /* testTests.swift */ = {isa = PBXFileReference; lastKnownFileType = sourcecode.swift; path = testTests.swift; sourceTree = "<group>"; };
		2BE664AA1FD5579500F18183 /* Info.plist */ = {isa = PBXFileReference; lastKnownFileType = text.plist.xml; path = Info.plist; sourceTree = "<group>"; };
		2BE664AF1FD5579500F18183 /* testUITests.xctest */ = {isa = PBXFileReference; explicitFileType = wrapper.cfbundle; includeInIndex = 0; path = testUITests.xctest; sourceTree = BUILT_PRODUCTS_DIR; };
		2BE664B31FD5579500F18183 /* testUITests.swift */ = {isa = PBXFileReference; lastKnownFileType = sourcecode.swift; path = testUITests.swift; sourceTree = "<group>"; };
		2BE664B51FD5579500F18183 /* Info.plist */ = {isa = PBXFileReference; lastKnownFileType = text.plist.xml; path = Info.plist; sourceTree = "<group>"; };
		2BE664C61FD563EA00F18183 /* ScoreViewModel.swift */ = {isa = PBXFileReference; lastKnownFileType = sourcecode.swift; path = ScoreViewModel.swift; sourceTree = "<group>"; };
		2BE664C91FD5641800F18183 /* Score.swift */ = {isa = PBXFileReference; lastKnownFileType = sourcecode.swift; path = Score.swift; sourceTree = "<group>"; };
		2BE664CB1FD5643900F18183 /* ScoreViewModelType.swift */ = {isa = PBXFileReference; lastKnownFileType = sourcecode.swift; path = ScoreViewModelType.swift; sourceTree = "<group>"; };
		2BE664CE1FD5688400F18183 /* CreditReportInfo.swift */ = {isa = PBXFileReference; lastKnownFileType = sourcecode.swift; path = CreditReportInfo.swift; sourceTree = "<group>"; };
		2BE664D01FD56BA000F18183 /* CoachingSummary.swift */ = {isa = PBXFileReference; lastKnownFileType = sourcecode.swift; path = CoachingSummary.swift; sourceTree = "<group>"; };
		2BE664D71FD5739100F18183 /* DataManager.swift */ = {isa = PBXFileReference; lastKnownFileType = sourcecode.swift; path = DataManager.swift; sourceTree = "<group>"; };
		2BE664D91FD573BA00F18183 /* BundleReader.swift */ = {isa = PBXFileReference; lastKnownFileType = sourcecode.swift; path = BundleReader.swift; sourceTree = "<group>"; };
		2BE664DB1FD57D6F00F18183 /* ScoreViewController.xib */ = {isa = PBXFileReference; lastKnownFileType = file.xib; path = ScoreViewController.xib; sourceTree = "<group>"; };
		2BE664DD1FD57DF500F18183 /* ScoreView.xib */ = {isa = PBXFileReference; lastKnownFileType = file.xib; path = ScoreView.xib; sourceTree = "<group>"; };
		2BE664DF1FD57E1F00F18183 /* ScoreView.swift */ = {isa = PBXFileReference; lastKnownFileType = sourcecode.swift; path = ScoreView.swift; sourceTree = "<group>"; };
/* End PBXFileReference section */

/* Begin PBXFrameworksBuildPhase section */
		2BE6648D1FD5579500F18183 /* Frameworks */ = {
			isa = PBXFrameworksBuildPhase;
			buildActionMask = 2147483647;
			files = (
			);
			runOnlyForDeploymentPostprocessing = 0;
		};
		2BE664A11FD5579500F18183 /* Frameworks */ = {
			isa = PBXFrameworksBuildPhase;
			buildActionMask = 2147483647;
			files = (
			);
			runOnlyForDeploymentPostprocessing = 0;
		};
		2BE664AC1FD5579500F18183 /* Frameworks */ = {
			isa = PBXFrameworksBuildPhase;
			buildActionMask = 2147483647;
			files = (
			);
			runOnlyForDeploymentPostprocessing = 0;
		};
/* End PBXFrameworksBuildPhase section */

/* Begin PBXGroup section */
		2BE664871FD5579400F18183 = {
			isa = PBXGroup;
			children = (
				2BE664921FD5579500F18183 /* test */,
				2BE664A71FD5579500F18183 /* testTests */,
				2BE664B21FD5579500F18183 /* testUITests */,
				2BE664911FD5579500F18183 /* Products */,
			);
			sourceTree = "<group>";
		};
		2BE664911FD5579500F18183 /* Products */ = {
			isa = PBXGroup;
			children = (
				2BE664901FD5579500F18183 /* test.app */,
				2BE664A41FD5579500F18183 /* testTests.xctest */,
				2BE664AF1FD5579500F18183 /* testUITests.xctest */,
			);
			name = Products;
			sourceTree = "<group>";
		};
		2BE664921FD5579500F18183 /* test */ = {
			isa = PBXGroup;
			children = (
				2BE664D41FD5735300F18183 /* Data */,
				2BE664C21FD5638200F18183 /* Score */,
				2BE664931FD5579500F18183 /* AppDelegate.swift */,
				2BE6649A1FD5579500F18183 /* Assets.xcassets */,
				2BE6649C1FD5579500F18183 /* LaunchScreen.storyboard */,
				2BE6649F1FD5579500F18183 /* Info.plist */,
				2BE664D91FD573BA00F18183 /* BundleReader.swift */,
			);
			path = test;
			sourceTree = "<group>";
		};
		2BE664A71FD5579500F18183 /* testTests */ = {
			isa = PBXGroup;
			children = (
				2BE664A81FD5579500F18183 /* testTests.swift */,
				2BE664AA1FD5579500F18183 /* Info.plist */,
			);
			path = testTests;
			sourceTree = "<group>";
		};
		2BE664B21FD5579500F18183 /* testUITests */ = {
			isa = PBXGroup;
			children = (
				2BE664B31FD5579500F18183 /* testUITests.swift */,
				2BE664B51FD5579500F18183 /* Info.plist */,
			);
			path = testUITests;
			sourceTree = "<group>";
		};
		2BE664C21FD5638200F18183 /* Score */ = {
			isa = PBXGroup;
			children = (
				2BE664C51FD563A400F18183 /* Protocols */,
				2BE664C41FD5639C00F18183 /* ViewModels */,
				2BE664C31FD5639700F18183 /* Views */,
			);
			path = Score;
			sourceTree = "<group>";
		};
		2BE664C31FD5639700F18183 /* Views */ = {
			isa = PBXGroup;
			children = (
				2BE664951FD5579500F18183 /* ScoreViewController.swift */,
				2BE664DB1FD57D6F00F18183 /* ScoreViewController.xib */,
				2BE664DD1FD57DF500F18183 /* ScoreView.xib */,
				2BE664DF1FD57E1F00F18183 /* ScoreView.swift */,
			);
			path = Views;
			sourceTree = "<group>";
		};
		2BE664C41FD5639C00F18183 /* ViewModels */ = {
			isa = PBXGroup;
			children = (
				2BE664C61FD563EA00F18183 /* ScoreViewModel.swift */,
			);
			path = ViewModels;
			sourceTree = "<group>";
		};
		2BE664C51FD563A400F18183 /* Protocols */ = {
			isa = PBXGroup;
			children = (
				2BE664CB1FD5643900F18183 /* ScoreViewModelType.swift */,
			);
			path = Protocols;
			sourceTree = "<group>";
		};
		2BE664C81FD563FF00F18183 /* Models */ = {
			isa = PBXGroup;
			children = (
				2BE664C91FD5641800F18183 /* Score.swift */,
				2BE664CE1FD5688400F18183 /* CreditReportInfo.swift */,
				2BE664D01FD56BA000F18183 /* CoachingSummary.swift */,
			);
			path = Models;
			sourceTree = "<group>";
		};
		2BE664D41FD5735300F18183 /* Data */ = {
			isa = PBXGroup;
			children = (
				2BE664C81FD563FF00F18183 /* Models */,
				2BE664D71FD5739100F18183 /* DataManager.swift */,
			);
			path = Data;
			sourceTree = "<group>";
		};
/* End PBXGroup section */

/* Begin PBXNativeTarget section */
		2BE6648F1FD5579500F18183 /* test */ = {
			isa = PBXNativeTarget;
			buildConfigurationList = 2BE664B81FD5579500F18183 /* Build configuration list for PBXNativeTarget "test" */;
			buildPhases = (
				2BE6648C1FD5579500F18183 /* Sources */,
				2BE6648D1FD5579500F18183 /* Frameworks */,
				2BE6648E1FD5579500F18183 /* Resources */,
			);
			buildRules = (
			);
			dependencies = (
			);
			name = test;
			productName = test;
			productReference = 2BE664901FD5579500F18183 /* test.app */;
			productType = "com.apple.product-type.application";
		};
		2BE664A31FD5579500F18183 /* testTests */ = {
			isa = PBXNativeTarget;
			buildConfigurationList = 2BE664BB1FD5579500F18183 /* Build configuration list for PBXNativeTarget "testTests" */;
			buildPhases = (
				2BE664A01FD5579500F18183 /* Sources */,
				2BE664A11FD5579500F18183 /* Frameworks */,
				2BE664A21FD5579500F18183 /* Resources */,
			);
			buildRules = (
			);
			dependencies = (
				2BE664A61FD5579500F18183 /* PBXTargetDependency */,
			);
			name = testTests;
			productName = testTests;
			productReference = 2BE664A41FD5579500F18183 /* testTests.xctest */;
			productType = "com.apple.product-type.bundle.unit-test";
		};
		2BE664AE1FD5579500F18183 /* testUITests */ = {
			isa = PBXNativeTarget;
			buildConfigurationList = 2BE664BE1FD5579500F18183 /* Build configuration list for PBXNativeTarget "testUITests" */;
			buildPhases = (
				2BE664AB1FD5579500F18183 /* Sources */,
				2BE664AC1FD5579500F18183 /* Frameworks */,
				2BE664AD1FD5579500F18183 /* Resources */,
			);
			buildRules = (
			);
			dependencies = (
				2BE664B11FD5579500F18183 /* PBXTargetDependency */,
			);
			name = testUITests;
			productName = testUITests;
			productReference = 2BE664AF1FD5579500F18183 /* testUITests.xctest */;
			productType = "com.apple.product-type.bundle.ui-testing";
		};
/* End PBXNativeTarget section */

/* Begin PBXProject section */
		2BE664881FD5579400F18183 /* Project object */ = {
			isa = PBXProject;
			attributes = {
				LastSwiftUpdateCheck = 0910;
				LastUpgradeCheck = 0910;
				ORGANIZATIONNAME = cs;
				TargetAttributes = {
					2BE6648F1FD5579500F18183 = {
						CreatedOnToolsVersion = 9.1;
						ProvisioningStyle = Automatic;
					};
					2BE664A31FD5579500F18183 = {
						CreatedOnToolsVersion = 9.1;
						ProvisioningStyle = Automatic;
						TestTargetID = 2BE6648F1FD5579500F18183;
					};
					2BE664AE1FD5579500F18183 = {
						CreatedOnToolsVersion = 9.1;
						ProvisioningStyle = Automatic;
						TestTargetID = 2BE6648F1FD5579500F18183;
					};
				};
			};
			buildConfigurationList = 2BE6648B1FD5579400F18183 /* Build configuration list for PBXProject "test" */;
			compatibilityVersion = "Xcode 8.0";
			developmentRegion = en;
			hasScannedForEncodings = 0;
			knownRegions = (
				en,
				Base,
			);
			mainGroup = 2BE664871FD5579400F18183;
			productRefGroup = 2BE664911FD5579500F18183 /* Products */;
			projectDirPath = "";
			projectRoot = "";
			targets = (
				2BE6648F1FD5579500F18183 /* test */,
				2BE664A31FD5579500F18183 /* testTests */,
				2BE664AE1FD5579500F18183 /* testUITests */,
			);
		};
/* End PBXProject section */

/* Begin PBXResourcesBuildPhase section */
		2BE6648E1FD5579500F18183 /* Resources */ = {
			isa = PBXResourcesBuildPhase;
			buildActionMask = 2147483647;
			files = (
				2BE6649E1FD5579500F18183 /* LaunchScreen.storyboard in Resources */,
				2BE664DE1FD57DF500F18183 /* ScoreView.xib in Resources */,
				2BE664DC1FD57D6F00F18183 /* ScoreViewController.xib in Resources */,
				2BE6649B1FD5579500F18183 /* Assets.xcassets in Resources */,
			);
			runOnlyForDeploymentPostprocessing = 0;
		};
		2BE664A21FD5579500F18183 /* Resources */ = {
			isa = PBXResourcesBuildPhase;
			buildActionMask = 2147483647;
			files = (
			);
			runOnlyForDeploymentPostprocessing = 0;
		};
		2BE664AD1FD5579500F18183 /* Resources */ = {
			isa = PBXResourcesBuildPhase;
			buildActionMask = 2147483647;
			files = (
			);
			runOnlyForDeploymentPostprocessing = 0;
		};
/* End PBXResourcesBuildPhase section */

/* Begin PBXSourcesBuildPhase section */
		2BE6648C1FD5579500F18183 /* Sources */ = {
			isa = PBXSourcesBuildPhase;
			buildActionMask = 2147483647;
			files = (
				2BE664CF1FD5688400F18183 /* CreditReportInfo.swift in Sources */,
				2BE664C71FD563EA00F18183 /* ScoreViewModel.swift in Sources */,
				2BE664961FD5579500F18183 /* ScoreViewController.swift in Sources */,
				2BE664CC1FD5643900F18183 /* ScoreViewModelType.swift in Sources */,
				2BE664D11FD56BA000F18183 /* CoachingSummary.swift in Sources */,
				2BE664DA1FD573BA00F18183 /* BundleReader.swift in Sources */,
				2BE664CA1FD5641800F18183 /* Score.swift in Sources */,
				2BE664D81FD5739100F18183 /* DataManager.swift in Sources */,
				2BE664941FD5579500F18183 /* AppDelegate.swift in Sources */,
				2BE664E01FD57E1F00F18183 /* ScoreView.swift in Sources */,
			);
			runOnlyForDeploymentPostprocessing = 0;
		};
		2BE664A01FD5579500F18183 /* Sources */ = {
			isa = PBXSourcesBuildPhase;
			buildActionMask = 2147483647;
			files = (
				2BE664A91FD5579500F18183 /* testTests.swift in Sources */,
			);
			runOnlyForDeploymentPostprocessing = 0;
		};
		2BE664AB1FD5579500F18183 /* Sources */ = {
			isa = PBXSourcesBuildPhase;
			buildActionMask = 2147483647;
			files = (
				2BE664B41FD5579500F18183 /* testUITests.swift in Sources */,
			);
			runOnlyForDeploymentPostprocessing = 0;
		};
/* End PBXSourcesBuildPhase section */

/* Begin PBXTargetDependency section */
		2BE664A61FD5579500F18183 /* PBXTargetDependency */ = {
			isa = PBXTargetDependency;
			target = 2BE6648F1FD5579500F18183 /* test */;
			targetProxy = 2BE664A51FD5579500F18183 /* PBXContainerItemProxy */;
		};
		2BE664B11FD5579500F18183 /* PBXTargetDependency */ = {
			isa = PBXTargetDependency;
			target = 2BE6648F1FD5579500F18183 /* test */;
			targetProxy = 2BE664B01FD5579500F18183 /* PBXContainerItemProxy */;
		};
/* End PBXTargetDependency section */

/* Begin PBXVariantGroup section */
		2BE6649C1FD5579500F18183 /* LaunchScreen.storyboard */ = {
			isa = PBXVariantGroup;
			children = (
				2BE6649D1FD5579500F18183 /* Base */,
			);
			name = LaunchScreen.storyboard;
			sourceTree = "<group>";
		};
/* End PBXVariantGroup section */

/* Begin XCBuildConfiguration section */
		2BE664B61FD5579500F18183 /* Debug */ = {
			isa = XCBuildConfiguration;
			buildSettings = {
				ALWAYS_SEARCH_USER_PATHS = NO;
				CLANG_ANALYZER_NONNULL = YES;
				CLANG_ANALYZER_NUMBER_OBJECT_CONVERSION = YES_AGGRESSIVE;
				CLANG_CXX_LANGUAGE_STANDARD = "gnu++14";
				CLANG_CXX_LIBRARY = "libc++";
				CLANG_ENABLE_MODULES = YES;
				CLANG_ENABLE_OBJC_ARC = YES;
				CLANG_WARN_BLOCK_CAPTURE_AUTORELEASING = YES;
				CLANG_WARN_BOOL_CONVERSION = YES;
				CLANG_WARN_COMMA = YES;
				CLANG_WARN_CONSTANT_CONVERSION = YES;
				CLANG_WARN_DIRECT_OBJC_ISA_USAGE = YES_ERROR;
				CLANG_WARN_DOCUMENTATION_COMMENTS = YES;
				CLANG_WARN_EMPTY_BODY = YES;
				CLANG_WARN_ENUM_CONVERSION = YES;
				CLANG_WARN_INFINITE_RECURSION = YES;
				CLANG_WARN_INT_CONVERSION = YES;
				CLANG_WARN_NON_LITERAL_NULL_CONVERSION = YES;
				CLANG_WARN_OBJC_LITERAL_CONVERSION = YES;
				CLANG_WARN_OBJC_ROOT_CLASS = YES_ERROR;
				CLANG_WARN_RANGE_LOOP_ANALYSIS = YES;
				CLANG_WARN_STRICT_PROTOTYPES = YES;
				CLANG_WARN_SUSPICIOUS_MOVE = YES;
				CLANG_WARN_UNGUARDED_AVAILABILITY = YES_AGGRESSIVE;
				CLANG_WARN_UNREACHABLE_CODE = YES;
				CLANG_WARN__DUPLICATE_METHOD_MATCH = YES;
				CODE_SIGN_IDENTITY = "iPhone Developer";
				COPY_PHASE_STRIP = NO;
				DEBUG_INFORMATION_FORMAT = dwarf;
				ENABLE_STRICT_OBJC_MSGSEND = YES;
				ENABLE_TESTABILITY = YES;
				GCC_C_LANGUAGE_STANDARD = gnu11;
				GCC_DYNAMIC_NO_PIC = NO;
				GCC_NO_COMMON_BLOCKS = YES;
				GCC_OPTIMIZATION_LEVEL = 0;
				GCC_PREPROCESSOR_DEFINITIONS = (
					"DEBUG=1",
					"$(inherited)",
				);
				GCC_WARN_64_TO_32_BIT_CONVERSION = YES;
				GCC_WARN_ABOUT_RETURN_TYPE = YES_ERROR;
				GCC_WARN_UNDECLARED_SELECTOR = YES;
				GCC_WARN_UNINITIALIZED_AUTOS = YES_AGGRESSIVE;
				GCC_WARN_UNUSED_FUNCTION = YES;
				GCC_WARN_UNUSED_VARIABLE = YES;
				IPHONEOS_DEPLOYMENT_TARGET = 11.1;
				MTL_ENABLE_DEBUG_INFO = YES;
				ONLY_ACTIVE_ARCH = YES;
				SDKROOT = iphoneos;
				SWIFT_ACTIVE_COMPILATION_CONDITIONS = DEBUG;
				SWIFT_OPTIMIZATION_LEVEL = "-Onone";
			};
			name = Debug;
		};
		2BE664B71FD5579500F18183 /* Release */ = {
			isa = XCBuildConfiguration;
			buildSettings = {
				ALWAYS_SEARCH_USER_PATHS = NO;
				CLANG_ANALYZER_NONNULL = YES;
				CLANG_ANALYZER_NUMBER_OBJECT_CONVERSION = YES_AGGRESSIVE;
				CLANG_CXX_LANGUAGE_STANDARD = "gnu++14";
				CLANG_CXX_LIBRARY = "libc++";
				CLANG_ENABLE_MODULES = YES;
				CLANG_ENABLE_OBJC_ARC = YES;
				CLANG_WARN_BLOCK_CAPTURE_AUTORELEASING = YES;
				CLANG_WARN_BOOL_CONVERSION = YES;
				CLANG_WARN_COMMA = YES;
				CLANG_WARN_CONSTANT_CONVERSION = YES;
				CLANG_WARN_DIRECT_OBJC_ISA_USAGE = YES_ERROR;
				CLANG_WARN_DOCUMENTATION_COMMENTS = YES;
				CLANG_WARN_EMPTY_BODY = YES;
				CLANG_WARN_ENUM_CONVERSION = YES;
				CLANG_WARN_INFINITE_RECURSION = YES;
				CLANG_WARN_INT_CONVERSION = YES;
				CLANG_WARN_NON_LITERAL_NULL_CONVERSION = YES;
				CLANG_WARN_OBJC_LITERAL_CONVERSION = YES;
				CLANG_WARN_OBJC_ROOT_CLASS = YES_ERROR;
				CLANG_WARN_RANGE_LOOP_ANALYSIS = YES;
				CLANG_WARN_STRICT_PROTOTYPES = YES;
				CLANG_WARN_SUSPICIOUS_MOVE = YES;
				CLANG_WARN_UNGUARDED_AVAILABILITY = YES_AGGRESSIVE;
				CLANG_WARN_UNREACHABLE_CODE = YES;
				CLANG_WARN__DUPLICATE_METHOD_MATCH = YES;
				CODE_SIGN_IDENTITY = "iPhone Developer";
				COPY_PHASE_STRIP = NO;
				DEBUG_INFORMATION_FORMAT = "dwarf-with-dsym";
				ENABLE_NS_ASSERTIONS = NO;
				ENABLE_STRICT_OBJC_MSGSEND = YES;
				GCC_C_LANGUAGE_STANDARD = gnu11;
				GCC_NO_COMMON_BLOCKS = YES;
				GCC_WARN_64_TO_32_BIT_CONVERSION = YES;
				GCC_WARN_ABOUT_RETURN_TYPE = YES_ERROR;
				GCC_WARN_UNDECLARED_SELECTOR = YES;
				GCC_WARN_UNINITIALIZED_AUTOS = YES_AGGRESSIVE;
				GCC_WARN_UNUSED_FUNCTION = YES;
				GCC_WARN_UNUSED_VARIABLE = YES;
				IPHONEOS_DEPLOYMENT_TARGET = 11.1;
				MTL_ENABLE_DEBUG_INFO = NO;
				SDKROOT = iphoneos;
				SWIFT_OPTIMIZATION_LEVEL = "-Owholemodule";
				VALIDATE_PRODUCT = YES;
			};
			name = Release;
		};
		2BE664B91FD5579500F18183 /* Debug */ = {
			isa = XCBuildConfiguration;
			buildSettings = {
				ASSETCATALOG_COMPILER_APPICON_NAME = AppIcon;
				CODE_SIGN_STYLE = Automatic;
				DEVELOPMENT_TEAM = 7NCALADGSJ;
				INFOPLIST_FILE = test/Info.plist;
				LD_RUNPATH_SEARCH_PATHS = "$(inherited) @executable_path/Frameworks";
				PRODUCT_BUNDLE_IDENTIFIER = com.cs.test;
				PRODUCT_NAME = "$(TARGET_NAME)";
				SWIFT_VERSION = 4.0;
				TARGETED_DEVICE_FAMILY = "1,2";
			};
			name = Debug;
		};
		2BE664BA1FD5579500F18183 /* Release */ = {
			isa = XCBuildConfiguration;
			buildSettings = {
				ASSETCATALOG_COMPILER_APPICON_NAME = AppIcon;
				CODE_SIGN_STYLE = Automatic;
				DEVELOPMENT_TEAM = 7NCALADGSJ;
				INFOPLIST_FILE = test/Info.plist;
				LD_RUNPATH_SEARCH_PATHS = "$(inherited) @executable_path/Frameworks";
				PRODUCT_BUNDLE_IDENTIFIER = com.cs.test;
				PRODUCT_NAME = "$(TARGET_NAME)";
				SWIFT_VERSION = 4.0;
				TARGETED_DEVICE_FAMILY = "1,2";
			};
			name = Release;
		};
		2BE664BC1FD5579500F18183 /* Debug */ = {
			isa = XCBuildConfiguration;
			buildSettings = {
				ALWAYS_EMBED_SWIFT_STANDARD_LIBRARIES = YES;
				BUNDLE_LOADER = "$(TEST_HOST)";
				CODE_SIGN_STYLE = Automatic;
				DEVELOPMENT_TEAM = 7NCALADGSJ;
				INFOPLIST_FILE = testTests/Info.plist;
				LD_RUNPATH_SEARCH_PATHS = "$(inherited) @executable_path/Frameworks @loader_path/Frameworks";
				PRODUCT_BUNDLE_IDENTIFIER = com.cs.testTests;
				PRODUCT_NAME = "$(TARGET_NAME)";
				SWIFT_VERSION = 4.0;
				TARGETED_DEVICE_FAMILY = "1,2";
				TEST_HOST = "$(BUILT_PRODUCTS_DIR)/test.app/test";
			};
			name = Debug;
		};
		2BE664BD1FD5579500F18183 /* Release */ = {
			isa = XCBuildConfiguration;
			buildSettings = {
				ALWAYS_EMBED_SWIFT_STANDARD_LIBRARIES = YES;
				BUNDLE_LOADER = "$(TEST_HOST)";
				CODE_SIGN_STYLE = Automatic;
				DEVELOPMENT_TEAM = 7NCALADGSJ;
				INFOPLIST_FILE = testTests/Info.plist;
				LD_RUNPATH_SEARCH_PATHS = "$(inherited) @executable_path/Frameworks @loader_path/Frameworks";
				PRODUCT_BUNDLE_IDENTIFIER = com.cs.testTests;
				PRODUCT_NAME = "$(TARGET_NAME)";
				SWIFT_VERSION = 4.0;
				TARGETED_DEVICE_FAMILY = "1,2";
				TEST_HOST = "$(BUILT_PRODUCTS_DIR)/test.app/test";
			};
			name = Release;
		};
		2BE664BF1FD5579500F18183 /* Debug */ = {
			isa = XCBuildConfiguration;
			buildSettings = {
				ALWAYS_EMBED_SWIFT_STANDARD_LIBRARIES = YES;
				CODE_SIGN_STYLE = Automatic;
				DEVELOPMENT_TEAM = 7NCALADGSJ;
				INFOPLIST_FILE = testUITests/Info.plist;
				LD_RUNPATH_SEARCH_PATHS = "$(inherited) @executable_path/Frameworks @loader_path/Frameworks";
				PRODUCT_BUNDLE_IDENTIFIER = com.cs.testUITests;
				PRODUCT_NAME = "$(TARGET_NAME)";
				SWIFT_VERSION = 4.0;
				TARGETED_DEVICE_FAMILY = "1,2";
				TEST_TARGET_NAME = test;
			};
			name = Debug;
		};
		2BE664C01FD5579500F18183 /* Release */ = {
			isa = XCBuildConfiguration;
			buildSettings = {
				ALWAYS_EMBED_SWIFT_STANDARD_LIBRARIES = YES;
				CODE_SIGN_STYLE = Automatic;
				DEVELOPMENT_TEAM = 7NCALADGSJ;
				INFOPLIST_FILE = testUITests/Info.plist;
				LD_RUNPATH_SEARCH_PATHS = "$(inherited) @executable_path/Frameworks @loader_path/Frameworks";
				PRODUCT_BUNDLE_IDENTIFIER = com.cs.testUITests;
				PRODUCT_NAME = "$(TARGET_NAME)";
				SWIFT_VERSION = 4.0;
				TARGETED_DEVICE_FAMILY = "1,2";
				TEST_TARGET_NAME = test;
			};
			name = Release;
		};
/* End XCBuildConfiguration section */

/* Begin XCConfigurationList section */
		2BE6648B1FD5579400F18183 /* Build configuration list for PBXProject "test" */ = {
			isa = XCConfigurationList;
			buildConfigurations = (
				2BE664B61FD5579500F18183 /* Debug */,
				2BE664B71FD5579500F18183 /* Release */,
			);
			defaultConfigurationIsVisible = 0;
			defaultConfigurationName = Release;
		};
		2BE664B81FD5579500F18183 /* Build configuration list for PBXNativeTarget "test" */ = {
			isa = XCConfigurationList;
			buildConfigurations = (
				2BE664B91FD5579500F18183 /* Debug */,
				2BE664BA1FD5579500F18183 /* Release */,
			);
			defaultConfigurationIsVisible = 0;
			defaultConfigurationName = Release;
		};
		2BE664BB1FD5579500F18183 /* Build configuration list for PBXNativeTarget "testTests" */ = {
			isa = XCConfigurationList;
			buildConfigurations = (
				2BE664BC1FD5579500F18183 /* Debug */,
				2BE664BD1FD5579500F18183 /* Release */,
			);
			defaultConfigurationIsVisible = 0;
			defaultConfigurationName = Release;
		};
		2BE664BE1FD5579500F18183 /* Build configuration list for PBXNativeTarget "testUITests" */ = {
			isa = XCConfigurationList;
			buildConfigurations = (
				2BE664BF1FD5579500F18183 /* Debug */,
				2BE664C01FD5579500F18183 /* Release */,
			);
			defaultConfigurationIsVisible = 0;
			defaultConfigurationName = Release;
		};
/* End XCConfigurationList section */
	};
	rootObject = 2BE664881FD5579400F18183 /* Project object */;
}
